
Microsoft Visual Studio Solution File, Format Version 12.00
# Visual Studio 15
VisualStudioVersion = 15.0.27130.2027
MinimumVisualStudioVersion = 10.0.40219.1
Project("{8BC9CEB8-8B4A-11D0-8D11-00A0C91BC942}") = "etvo", "etvo\etvo.vcxproj", "{4CCB6BF7-F6DB-4A19-B7C5-E3DD5E6ACA07}"
EndProject
Project("{2150E333-8FDC-42A3-9474-1A3956D46DE8}") = "Solution Items", "Solution Items", "{F403DFBC-49A0-4AF0-8C80-9DDB822F6D8E}"
	ProjectSection(SolutionItems) = preProject
		etvo\TestIS.h = etvo\TestIS.h
	EndProjectSection
EndProject
Global
	GlobalSection(SolutionConfigurationPlatforms) = preSolution
		Debug|x64 = Debug|x64
		Debug|x86 = Debug|x86
		Release|x64 = Release|x64
		Release|x86 = Release|x86
	EndGlobalSection
	GlobalSection(ProjectConfigurationPlatforms) = postSolution
		{4CCB6BF7-F6DB-4A19-B7C5-E3DD5E6ACA07}.Debug|x64.ActiveCfg = Debug|x64
		{4CCB6BF7-F6DB-4A19-B7C5-E3DD5E6ACA07}.Debug|x64.Build.0 = Debug|x64
		{4CCB6BF7-F6DB-4A19-B7C5-E3DD5E6ACA07}.Debug|x86.ActiveCfg = Debug|Win32
		{4CCB6BF7-F6DB-4A19-B7C5-E3DD5E6ACA07}.Debug|x86.Build.0 = Debug|Win32
		{4CCB6BF7-F6DB-4A19-B7C5-E3DD5E6ACA07}.Release|x64.ActiveCfg = Release|x64
		{4CCB6BF7-F6DB-4A19-B7C5-E3DD5E6ACA07}.Release|x64.Build.0 = Release|x64
		{4CCB6BF7-F6DB-4A19-B7C5-E3DD5E6ACA07}.Release|x86.ActiveCfg = Release|Win32
		{4CCB6BF7-F6DB-4A19-B7C5-E3DD5E6ACA07}.Release|x86.Build.0 = Release|Win32
	EndGlobalSection
	GlobalSection(SolutionProperties) = preSolution
		HideSolutionNode = FALSE
	EndGlobalSection
	GlobalSection(ExtensibilityGlobals) = postSolution
		SolutionGuid = {3F04C77A-FCD5-4D7C-9D26-3D33A4A0D3F1}
	EndGlobalSection
EndGlobal
